{
  "name": "rock-paper-scissors",
  "version": "0.1.0",
  "lockfileVersion": 2,
  "requires": true,
  "packages": {
    "": {
      "name": "rock-paper-scissors",
      "version": "0.1.0",
      "license": "ISC",
      "dependencies": {
        "readline-sync": "^1.4.10"
      },
      "devDependencies": {
        "afplay": "^1.0.3"
      }
    },
    "node_modules/afplay": {
      "version": "1.0.3",
      "resolved": "https://registry.npmjs.org/afplay/-/afplay-1.0.3.tgz",
      "integrity": "sha512-ajngZAuNw/2E3TSqx2kSyGEm7irKP58AHm4OBmPa8KfVg94NavwNpTBwtrhPy1tBgF89NzoRnptZKdK7KFavBg==",
      "dev": true
    },
    "node_modules/readline-sync": {
      "version": "1.4.10",
      "resolved": "https://registry.npmjs.org/readline-sync/-/readline-sync-1.4.10.tgz",
      "integrity": "sha512-gNva8/6UAe8QYepIQH/jQ2qn91Qj0B9sYjMBBs3QOB8F2CXcKgLxQaJRP76sWVRQt+QU+8fAkCbCvjjMFu7Ycw==",
      "engines": {
        "node": ">= 0.8.0"
      }
    }
  },
  "dependencies": {
    "afplay": {
      "version": "1.0.3",
      "resolved": "https://registry.npmjs.org/afplay/-/afplay-1.0.3.tgz",
      "integrity": "sha512-ajngZAuNw/2E3TSqx2kSyGEm7irKP58AHm4OBmPa8KfVg94NavwNpTBwtrhPy1tBgF89NzoRnptZKdK7KFavBg==",
      "dev": true
    },
    "readline-sync": {
      "version": "1.4.10",
      "resolved": "https://registry.npmjs.org/readline-sync/-/readline-sync-1.4.10.tgz",
      "integrity": "sha512-gNva8/6UAe8QYepIQH/jQ2qn91Qj0B9sYjMBBs3QOB8F2CXcKgLxQaJRP76sWVRQt+QU+8fAkCbCvjjMFu7Ycw=="
    }
  }
}
